{
  "name": "grantmakersio",
  "version": "0.2.0",
  "lockfileVersion": 3,
  "requires": true,
  "packages": {
    "": {
      "name": "grantmakersio",
      "version": "0.2.0",
      "license": "MIT",
      "devDependencies": {
        "stream-chain": "^2.2.5",
        "stream-json": "^1.8.0"
      }
    },
    "node_modules/stream-chain": {
      "version": "2.2.5",
      "dev": true,
      "license": "BSD-3-Clause"
    },
    "node_modules/stream-json": {
      "version": "1.8.0",
      "dev": true,
      "license": "BSD-3-Clause",
      "dependencies": {
        "stream-chain": "^2.2.5"
      }
    }
  }
}
